
Microsoft Visual Studio Solution File, Format Version 12.00
# Visual Studio Version 17
VisualStudioVersion = 17.0.31903.59
MinimumVisualStudioVersion = 10.0.40219.1
Project("{FAE04EC0-301F-11D3-BF4B-00C04F79EFBC}") = "SmartMarket.Domain", "src\SmartMarket.Domain\SmartMarket.Domain.csproj", "{A1B2C3D4-0001-4000-8000-000000000001}"
EndProject
Project("{FAE04EC0-301F-11D3-BF4B-00C04F79EFBC}") = "SmartMarket.Application", "src\SmartMarket.Application\SmartMarket.Application.csproj", "{A1B2C3D4-0002-4000-8000-000000000002}"
EndProject
Project("{2150E333-8FDC-42A3-9474-1A3956D46DE8}") = "src", "src", "{827E0CD3-B72D-47B6-A68D-7590B98EB39B}"
EndProject
Project("{FAE04EC0-301F-11D3-BF4B-00C04F79EFBC}") = "SmartMarket.Infrastructure", "src\SmartMarket.Infrastructure\SmartMarket.Infrastructure.csproj", "{D03BAAEA-9D40-4AB8-ACB0-59D36868FAC8}"
EndProject
Project("{FAE04EC0-301F-11D3-BF4B-00C04F79EFBC}") = "SmartMarket.Api", "src\SmartMarket.Api\SmartMarket.Api.csproj", "{978FD43E-F3CA-44EA-B82F-710F3C873C0E}"
EndProject
Project("{2150E333-8FDC-42A3-9474-1A3956D46DE8}") = "tests", "tests", "{0AB3BF05-4346-4AA6-1389-037BE0695223}"
EndProject
Project("{FAE04EC0-301F-11D3-BF4B-00C04F79EFBC}") = "SmartMarket.UnitTests", "tests\SmartMarket.UnitTests\SmartMarket.UnitTests.csproj", "{4EDC9A04-D7F3-4688-B50C-A18279CC48AA}"
EndProject
Project("{FAE04EC0-301F-11D3-BF4B-00C04F79EFBC}") = "SmartMarket.IntegrationTests", "tests\SmartMarket.IntegrationTests\SmartMarket.IntegrationTests.csproj", "{E66EFC40-5669-4EB6-83F0-D42A18A14398}"
EndProject
Global
	GlobalSection(SolutionConfigurationPlatforms) = preSolution
		Debug|Any CPU = Debug|Any CPU
		Debug|x64 = Debug|x64
		Debug|x86 = Debug|x86
		Release|Any CPU = Release|Any CPU
		Release|x64 = Release|x64
		Release|x86 = Release|x86
	EndGlobalSection
	GlobalSection(ProjectConfigurationPlatforms) = postSolution
		{A1B2C3D4-0001-4000-8000-000000000001}.Debug|Any CPU.ActiveCfg = Debug|Any CPU
		{A1B2C3D4-0001-4000-8000-000000000001}.Debug|Any CPU.Build.0 = Debug|Any CPU
		{A1B2C3D4-0001-4000-8000-000000000001}.Debug|x64.ActiveCfg = Debug|Any CPU
		{A1B2C3D4-0001-4000-8000-000000000001}.Debug|x64.Build.0 = Debug|Any CPU
		{A1B2C3D4-0001-4000-8000-000000000001}.Debug|x86.ActiveCfg = Debug|Any CPU
		{A1B2C3D4-0001-4000-8000-000000000001}.Debug|x86.Build.0 = Debug|Any CPU
		{A1B2C3D4-0001-4000-8000-000000000001}.Release|Any CPU.ActiveCfg = Release|Any CPU
		{A1B2C3D4-0001-4000-8000-000000000001}.Release|Any CPU.Build.0 = Release|Any CPU
		{A1B2C3D4-0001-4000-8000-000000000001}.Release|x64.ActiveCfg = Release|Any CPU
		{A1B2C3D4-0001-4000-8000-000000000001}.Release|x64.Build.0 = Release|Any CPU
		{A1B2C3D4-0001-4000-8000-000000000001}.Release|x86.ActiveCfg = Release|Any CPU
		{A1B2C3D4-0001-4000-8000-000000000001}.Release|x86.Build.0 = Release|Any CPU
		{A1B2C3D4-0002-4000-8000-000000000002}.Debug|Any CPU.ActiveCfg = Debug|Any CPU
		{A1B2C3D4-0002-4000-8000-000000000002}.Debug|Any CPU.Build.0 = Debug|Any CPU
		{A1B2C3D4-0002-4000-8000-000000000002}.Debug|x64.ActiveCfg = Debug|Any CPU
		{A1B2C3D4-0002-4000-8000-000000000002}.Debug|x64.Build.0 = Debug|Any CPU
		{A1B2C3D4-0002-4000-8000-000000000002}.Debug|x86.ActiveCfg = Debug|Any CPU
		{A1B2C3D4-0002-4000-8000-000000000002}.Debug|x86.Build.0 = Debug|Any CPU
		{A1B2C3D4-0002-4000-8000-000000000002}.Release|Any CPU.ActiveCfg = Release|Any CPU
		{A1B2C3D4-0002-4000-8000-000000000002}.Release|Any CPU.Build.0 = Release|Any CPU
		{A1B2C3D4-0002-4000-8000-000000000002}.Release|x64.ActiveCfg = Release|Any CPU
		{A1B2C3D4-0002-4000-8000-000000000002}.Release|x64.Build.0 = Release|Any CPU
		{A1B2C3D4-0002-4000-8000-000000000002}.Release|x86.ActiveCfg = Release|Any CPU
		{A1B2C3D4-0002-4000-8000-000000000002}.Release|x86.Build.0 = Release|Any CPU
		{D03BAAEA-9D40-4AB8-ACB0-59D36868FAC8}.Debug|Any CPU.ActiveCfg = Debug|Any CPU
		{D03BAAEA-9D40-4AB8-ACB0-59D36868FAC8}.Debug|Any CPU.Build.0 = Debug|Any CPU
		{D03BAAEA-9D40-4AB8-ACB0-59D36868FAC8}.Debug|x64.ActiveCfg = Debug|Any CPU
		{D03BAAEA-9D40-4AB8-ACB0-59D36868FAC8}.Debug|x64.Build.0 = Debug|Any CPU
		{D03BAAEA-9D40-4AB8-ACB0-59D36868FAC8}.Debug|x86.ActiveCfg = Debug|Any CPU
		{D03BAAEA-9D40-4AB8-ACB0-59D36868FAC8}.Debug|x86.Build.0 = Debug|Any CPU
		{D03BAAEA-9D40-4AB8-ACB0-59D36868FAC8}.Release|Any CPU.ActiveCfg = Release|Any CPU
		{D03BAAEA-9D40-4AB8-ACB0-59D36868FAC8}.Release|Any CPU.Build.0 = Release|Any CPU
		{D03BAAEA-9D40-4AB8-ACB0-59D36868FAC8}.Release|x64.ActiveCfg = Release|Any CPU
		{D03BAAEA-9D40-4AB8-ACB0-59D36868FAC8}.Release|x64.Build.0 = Release|Any CPU
		{D03BAAEA-9D40-4AB8-ACB0-59D36868FAC8}.Release|x86.ActiveCfg = Release|Any CPU
		{D03BAAEA-9D40-4AB8-ACB0-59D36868FAC8}.Release|x86.Build.0 = Release|Any CPU
		{978FD43E-F3CA-44EA-B82F-710F3C873C0E}.Debug|Any CPU.ActiveCfg = Debug|Any CPU
		{978FD43E-F3CA-44EA-B82F-710F3C873C0E}.Debug|Any CPU.Build.0 = Debug|Any CPU
		{978FD43E-F3CA-44EA-B82F-710F3C873C0E}.Debug|x64.ActiveCfg = Debug|Any CPU
		{978FD43E-F3CA-44EA-B82F-710F3C873C0E}.Debug|x64.Build.0 = Debug|Any CPU
		{978FD43E-F3CA-44EA-B82F-710F3C873C0E}.Debug|x86.ActiveCfg = Debug|Any CPU
		{978FD43E-F3CA-44EA-B82F-710F3C873C0E}.Debug|x86.Build.0 = Debug|Any CPU
		{978FD43E-F3CA-44EA-B82F-710F3C873C0E}.Release|Any CPU.ActiveCfg = Release|Any CPU
		{978FD43E-F3CA-44EA-B82F-710F3C873C0E}.Release|Any CPU.Build.0 = Release|Any CPU
		{978FD43E-F3CA-44EA-B82F-710F3C873C0E}.Release|x64.ActiveCfg = Release|Any CPU
		{978FD43E-F3CA-44EA-B82F-710F3C873C0E}.Release|x64.Build.0 = Release|Any CPU
		{978FD43E-F3CA-44EA-B82F-710F3C873C0E}.Release|x86.ActiveCfg = Release|Any CPU
		{978FD43E-F3CA-44EA-B82F-710F3C873C0E}.Release|x86.Build.0 = Release|Any CPU
		{4EDC9A04-D7F3-4688-B50C-A18279CC48AA}.Debug|Any CPU.ActiveCfg = Debug|Any CPU
		{4EDC9A04-D7F3-4688-B50C-A18279CC48AA}.Debug|Any CPU.Build.0 = Debug|Any CPU
		{4EDC9A04-D7F3-4688-B50C-A18279CC48AA}.Debug|x64.ActiveCfg = Debug|Any CPU
		{4EDC9A04-D7F3-4688-B50C-A18279CC48AA}.Debug|x64.Build.0 = Debug|Any CPU
		{4EDC9A04-D7F3-4688-B50C-A18279CC48AA}.Debug|x86.ActiveCfg = Debug|Any CPU
		{4EDC9A04-D7F3-4688-B50C-A18279CC48AA}.Debug|x86.Build.0 = Debug|Any CPU
		{4EDC9A04-D7F3-4688-B50C-A18279CC48AA}.Release|Any CPU.ActiveCfg = Release|Any CPU
		{4EDC9A04-D7F3-4688-B50C-A18279CC48AA}.Release|Any CPU.Build.0 = Release|Any CPU
		{4EDC9A04-D7F3-4688-B50C-A18279CC48AA}.Release|x64.ActiveCfg = Release|Any CPU
		{4EDC9A04-D7F3-4688-B50C-A18279CC48AA}.Release|x64.Build.0 = Release|Any CPU
		{4EDC9A04-D7F3-4688-B50C-A18279CC48AA}.Release|x86.ActiveCfg = Release|Any CPU
		{4EDC9A04-D7F3-4688-B50C-A18279CC48AA}.Release|x86.Build.0 = Release|Any CPU
		{E66EFC40-5669-4EB6-83F0-D42A18A14398}.Debug|Any CPU.ActiveCfg = Debug|Any CPU
		{E66EFC40-5669-4EB6-83F0-D42A18A14398}.Debug|Any CPU.Build.0 = Debug|Any CPU
		{E66EFC40-5669-4EB6-83F0-D42A18A14398}.Debug|x64.ActiveCfg = Debug|Any CPU
		{E66EFC40-5669-4EB6-83F0-D42A18A14398}.Debug|x64.Build.0 = Debug|Any CPU
		{E66EFC40-5669-4EB6-83F0-D42A18A14398}.Debug|x86.ActiveCfg = Debug|Any CPU
		{E66EFC40-5669-4EB6-83F0-D42A18A14398}.Debug|x86.Build.0 = Debug|Any CPU
		{E66EFC40-5669-4EB6-83F0-D42A18A14398}.Release|Any CPU.ActiveCfg = Release|Any CPU
		{E66EFC40-5669-4EB6-83F0-D42A18A14398}.Release|Any CPU.Build.0 = Release|Any CPU
		{E66EFC40-5669-4EB6-83F0-D42A18A14398}.Release|x64.ActiveCfg = Release|Any CPU
		{E66EFC40-5669-4EB6-83F0-D42A18A14398}.Release|x64.Build.0 = Release|Any CPU
		{E66EFC40-5669-4EB6-83F0-D42A18A14398}.Release|x86.ActiveCfg = Release|Any CPU
		{E66EFC40-5669-4EB6-83F0-D42A18A14398}.Release|x86.Build.0 = Release|Any CPU
	EndGlobalSection
	GlobalSection(SolutionProperties) = preSolution
		HideSolutionNode = FALSE
	EndGlobalSection
	GlobalSection(NestedProjects) = preSolution
		{D03BAAEA-9D40-4AB8-ACB0-59D36868FAC8} = {827E0CD3-B72D-47B6-A68D-7590B98EB39B}
		{978FD43E-F3CA-44EA-B82F-710F3C873C0E} = {827E0CD3-B72D-47B6-A68D-7590B98EB39B}
		{4EDC9A04-D7F3-4688-B50C-A18279CC48AA} = {0AB3BF05-4346-4AA6-1389-037BE0695223}
		{E66EFC40-5669-4EB6-83F0-D42A18A14398} = {0AB3BF05-4346-4AA6-1389-037BE0695223}
	EndGlobalSection
EndGlobal
